
Microsoft Visual Studio Solution File, Format Version 12.00
# Visual Studio Version 17
VisualStudioVersion = 17.0.32112.339
MinimumVisualStudioVersion = 10.0.40219.1
Project("{FAE04EC0-301F-11D3-BF4B-00C04F79EFBC}") = "03.LongestIncreasingSubsequence", "03.LongestIncreasingSubsequence\03.LongestIncreasingSubsequence.csproj", "{1FC754C3-C9A7-4E50-AF95-9206FCBFF978}"
EndProject
Global
	GlobalSection(SolutionConfigurationPlatforms) = preSolution
		Debug|Any CPU = Debug|Any CPU
		Release|Any CPU = Release|Any CPU
	EndGlobalSection
	GlobalSection(ProjectConfigurationPlatforms) = postSolution
		{1FC754C3-C9A7-4E50-AF95-9206FCBFF978}.Debug|Any CPU.ActiveCfg = Debug|Any CPU
		{1FC754C3-C9A7-4E50-AF95-9206FCBFF978}.Debug|Any CPU.Build.0 = Debug|Any CPU
		{1FC754C3-C9A7-4E50-AF95-9206FCBFF978}.Release|Any CPU.ActiveCfg = Release|Any CPU
		{1FC754C3-C9A7-4E50-AF95-9206FCBFF978}.Release|Any CPU.Build.0 = Release|Any CPU
	EndGlobalSection
	GlobalSection(SolutionProperties) = preSolution
		HideSolutionNode = FALSE
	EndGlobalSection
	GlobalSection(ExtensibilityGlobals) = postSolution
		SolutionGuid = {8D1334C4-DF03-4EAB-8615-46DCDAE8D974}
	EndGlobalSection
EndGlobal
