
Microsoft Visual Studio Solution File, Format Version 12.00
# Visual Studio Version 17
VisualStudioVersion = 17.0.32112.339
MinimumVisualStudioVersion = 10.0.40219.1
Project("{FAE04EC0-301F-11D3-BF4B-00C04F79EFBC}") = "03.WaterSupplySystemDisaster", "03.WaterSupplySystemDisaster\03.WaterSupplySystemDisaster.csproj", "{934F816C-876D-4D32-BFE4-94DFBFBD77A3}"
EndProject
Global
	GlobalSection(SolutionConfigurationPlatforms) = preSolution
		Debug|Any CPU = Debug|Any CPU
		Release|Any CPU = Release|Any CPU
	EndGlobalSection
	GlobalSection(ProjectConfigurationPlatforms) = postSolution
		{934F816C-876D-4D32-BFE4-94DFBFBD77A3}.Debug|Any CPU.ActiveCfg = Debug|Any CPU
		{934F816C-876D-4D32-BFE4-94DFBFBD77A3}.Debug|Any CPU.Build.0 = Debug|Any CPU
		{934F816C-876D-4D32-BFE4-94DFBFBD77A3}.Release|Any CPU.ActiveCfg = Release|Any CPU
		{934F816C-876D-4D32-BFE4-94DFBFBD77A3}.Release|Any CPU.Build.0 = Release|Any CPU
	EndGlobalSection
	GlobalSection(SolutionProperties) = preSolution
		HideSolutionNode = FALSE
	EndGlobalSection
	GlobalSection(ExtensibilityGlobals) = postSolution
		SolutionGuid = {4355D810-B265-4026-856A-628D39CF4234}
	EndGlobalSection
EndGlobal
